{
	"name": "@cxl/ui.",
	"version": "0.0.0",
	"lockfileVersion": 3,
	"requires": true,
	"packages": {
		"": {
			"name": "@cxl/ui.",
			"version": "0.0.0",
			"devDependencies": {
				"@cxl/build": "^1.0.0-beta",
				"@cxl/gbc.sdk": "file:../gbc/dist/sdk",
				"@cxl/spec": "^1.1.0",
				"@cxl/ui": "^6.0.0-beta.3",
				"@cxl/gbc.javascript": "file:../gbc/dist/javascript/package",
				"@cxl/gbc.typescript": "file:../gbc/dist/typescript/package",
				"@cxl/gbc.html": "file:../gbc/dist/html/package",
				"@cxl/gbc.compiler": "file:../gbc/dist/compiler/package",
				"@cxl/gbc.basic": "file:../gbc/dist/basic/package",
				"@cxl/gbc.markdown": "file:../gbc/dist/markdown/package",
				"@cxl/gbc.cmd": "file:../gbc/dist/cmd/package"
			}
		},
		"../gbc/dist/sdk": {
			"name": "@cxl/gbc.sdk",
			"version": "0.0.1",
			"dev": true,
			"license": "GPL-3.0"
		},
		"../gbc/dist/sdk/package": {
			"name": "@cxl/gbc.sdk",
			"version": "0.0.1",
			"extraneous": true,
			"license": "GPL-3.0"
		},
		"../open/dist/build/package": {
			"name": "@cxl/build",
			"version": "1.1.1",
			"dev": true,
			"license": "GPL-3.0",
			"dependencies": {
				"@eslint/js": "^9.39.1",
				"esbuild-wasm": "^0.28.2",
				"eslint-plugin-sonarjs": "^4.0.3",
				"puppeteer": "^24.22.3",
				"typescript": "^5.9.3",
				"typescript-eslint": "^8.49.0"
			},
			"bin": {
				"cxl-build": "cli.js"
			},
			"peerDependencies": {
				"pngjs": "^6.0.0"
			}
		},
		"node_modules/@cxl/build": {
			"resolved": "../open/dist/build/package",
			"link": true
		},
		"node_modules/@cxl/gbc.sdk": {
			"resolved": "../gbc/dist/sdk",
			"link": true
		},
		"node_modules/@cxl/spec": {
			"version": "1.1.0",
			"resolved": "https://registry.npmjs.org/@cxl/spec/-/spec-1.1.0.tgz",
			"integrity": "sha512-Hsl11k60gvSNcPpZbzFwcUw9O0dq0Fp9YFquPXUPn2yAqWY3xBMcepbri8f5YzPeaBWq9PPtg6Xvm//5O17qVg==",
			"dev": true,
			"license": "Apache-2.0"
		},
		"node_modules/@cxl/ui": {
			"version": "6.0.0-beta.3",
			"dev": true,
			"license": "SEE LICENSE IN LICENSE.md"
		},
		"../gbc/dist/javascript/package": {
			"name": "@cxl/gbc.javascript",
			"version": "0.0.1",
			"dev": true,
			"license": "GPL-3.0"
		},
		"node_modules/@cxl/gbc.javascript": {
			"resolved": "../gbc/dist/javascript/package",
			"link": true
		},
		"../gbc/dist/typescript/package": {
			"name": "@cxl/gbc.typescript",
			"version": "0.0.1",
			"dev": true,
			"license": "GPL-3.0"
		},
		"node_modules/@cxl/gbc.typescript": {
			"resolved": "../gbc/dist/typescript/package",
			"link": true
		},
		"../gbc/dist/html/package": {
			"name": "@cxl/gbc.html",
			"version": "0.0.1",
			"dev": true,
			"license": "GPL-3.0"
		},
		"node_modules/@cxl/gbc.html": {
			"resolved": "../gbc/dist/html/package",
			"link": true
		},
		"../gbc/dist/compiler/package": {
			"name": "@cxl/gbc.compiler",
			"version": "0.0.1",
			"dev": true,
			"license": "GPL-3.0"
		},
		"node_modules/@cxl/gbc.compiler": {
			"resolved": "../gbc/dist/compiler/package",
			"link": true
		},
		"../gbc/dist/basic/package": {
			"name": "@cxl/gbc.basic",
			"version": "0.0.1",
			"dev": true,
			"license": "GPL-3.0"
		},
		"node_modules/@cxl/gbc.basic": {
			"resolved": "../gbc/dist/basic/package",
			"link": true
		},
		"../gbc/dist/markdown/package": {
			"name": "@cxl/gbc.markdown",
			"version": "0.0.1-beta.1",
			"dev": true,
			"license": "GPL-3.0"
		},
		"node_modules/@cxl/gbc.markdown": {
			"resolved": "../gbc/dist/markdown/package",
			"link": true
		},
		"../gbc/dist/cmd/package": {
			"name": "@cxl/gbc.cmd",
			"version": "0.0.1",
			"dev": true,
			"license": "GPL-3.0"
		},
		"node_modules/@cxl/gbc.cmd": {
			"resolved": "../gbc/dist/cmd/package",
			"link": true
		}
	}
}
